
Microsoft Visual Studio Solution File, Format Version 10.00
# Visual Studio 2008
Project("{FAE04EC0-301F-11D3-BF4B-00C04F79EFBC}") = "Wrapper", "Wrapper\Wrapper.csproj", "{856064F0-0537-44AA-9635-626F0AD67611}"
EndProject
Project("{FAE04EC0-301F-11D3-BF4B-00C04F79EFBC}") = "SDE", "SDE\SDE.csproj", "{4FE77437-80B7-429C-B86C-91F57F20CA49}"
EndProject
Project("{FAE04EC0-301F-11D3-BF4B-00C04F79EFBC}") = "SdeTest", "..\test\SdeTest.csproj", "{A0097B54-E7F5-4A00-AF60-603F907B8165}"
EndProject
Project("{FAE04EC0-301F-11D3-BF4B-00C04F79EFBC}") = "SDE_WinForms", "SDE_WinForms\SDE_WinForms.csproj", "{7BC5A783-784A-4701-854B-BB2541CAEFCF}"
EndProject
Global
	GlobalSection(SolutionConfigurationPlatforms) = preSolution
		Debug|Any CPU = Debug|Any CPU
		Debug|x86 = Debug|x86
		InternalRelease|Any CPU = InternalRelease|Any CPU
		InternalRelease|x86 = InternalRelease|x86
		Release|Any CPU = Release|Any CPU
		Release|x86 = Release|x86
		Run|Any CPU = Run|Any CPU
		Run|x86 = Run|x86
	EndGlobalSection
	GlobalSection(ProjectConfigurationPlatforms) = postSolution
		{856064F0-0537-44AA-9635-626F0AD67611}.Debug|Any CPU.ActiveCfg = Debug|Any CPU
		{856064F0-0537-44AA-9635-626F0AD67611}.Debug|Any CPU.Build.0 = Debug|Any CPU
		{856064F0-0537-44AA-9635-626F0AD67611}.Debug|x86.ActiveCfg = Debug|x86
		{856064F0-0537-44AA-9635-626F0AD67611}.Debug|x86.Build.0 = Debug|x86
		{856064F0-0537-44AA-9635-626F0AD67611}.InternalRelease|Any CPU.ActiveCfg = Release|Any CPU
		{856064F0-0537-44AA-9635-626F0AD67611}.InternalRelease|Any CPU.Build.0 = Release|Any CPU
		{856064F0-0537-44AA-9635-626F0AD67611}.InternalRelease|x86.ActiveCfg = Release|Any CPU
		{856064F0-0537-44AA-9635-626F0AD67611}.Release|Any CPU.ActiveCfg = Release|Any CPU
		{856064F0-0537-44AA-9635-626F0AD67611}.Release|Any CPU.Build.0 = Release|Any CPU
		{856064F0-0537-44AA-9635-626F0AD67611}.Release|x86.ActiveCfg = Release|x86
		{856064F0-0537-44AA-9635-626F0AD67611}.Release|x86.Build.0 = Release|x86
		{856064F0-0537-44AA-9635-626F0AD67611}.Run|Any CPU.ActiveCfg = Release|Any CPU
		{856064F0-0537-44AA-9635-626F0AD67611}.Run|Any CPU.Build.0 = Release|Any CPU
		{856064F0-0537-44AA-9635-626F0AD67611}.Run|x86.ActiveCfg = Release|Any CPU
		{4FE77437-80B7-429C-B86C-91F57F20CA49}.Debug|Any CPU.ActiveCfg = Debug|Any CPU
		{4FE77437-80B7-429C-B86C-91F57F20CA49}.Debug|Any CPU.Build.0 = Debug|Any CPU
		{4FE77437-80B7-429C-B86C-91F57F20CA49}.Debug|x86.ActiveCfg = Debug|x86
		{4FE77437-80B7-429C-B86C-91F57F20CA49}.Debug|x86.Build.0 = Debug|x86
		{4FE77437-80B7-429C-B86C-91F57F20CA49}.InternalRelease|Any CPU.ActiveCfg = Release|Any CPU
		{4FE77437-80B7-429C-B86C-91F57F20CA49}.InternalRelease|Any CPU.Build.0 = Release|Any CPU
		{4FE77437-80B7-429C-B86C-91F57F20CA49}.InternalRelease|x86.ActiveCfg = Release|Any CPU
		{4FE77437-80B7-429C-B86C-91F57F20CA49}.Release|Any CPU.ActiveCfg = Release|Any CPU
		{4FE77437-80B7-429C-B86C-91F57F20CA49}.Release|Any CPU.Build.0 = Release|Any CPU
		{4FE77437-80B7-429C-B86C-91F57F20CA49}.Release|x86.ActiveCfg = Release|x86
		{4FE77437-80B7-429C-B86C-91F57F20CA49}.Release|x86.Build.0 = Release|x86
		{4FE77437-80B7-429C-B86C-91F57F20CA49}.Run|Any CPU.ActiveCfg = Release|Any CPU
		{4FE77437-80B7-429C-B86C-91F57F20CA49}.Run|Any CPU.Build.0 = Release|Any CPU
		{4FE77437-80B7-429C-B86C-91F57F20CA49}.Run|x86.ActiveCfg = Release|Any CPU
		{A0097B54-E7F5-4A00-AF60-603F907B8165}.Debug|Any CPU.ActiveCfg = Debug|Any CPU
		{A0097B54-E7F5-4A00-AF60-603F907B8165}.Debug|Any CPU.Build.0 = Debug|Any CPU
		{A0097B54-E7F5-4A00-AF60-603F907B8165}.Debug|x86.ActiveCfg = Debug|x86
		{A0097B54-E7F5-4A00-AF60-603F907B8165}.Debug|x86.Build.0 = Debug|x86
		{A0097B54-E7F5-4A00-AF60-603F907B8165}.InternalRelease|Any CPU.ActiveCfg = Release|Any CPU
		{A0097B54-E7F5-4A00-AF60-603F907B8165}.InternalRelease|Any CPU.Build.0 = Release|Any CPU
		{A0097B54-E7F5-4A00-AF60-603F907B8165}.InternalRelease|x86.ActiveCfg = Release|Any CPU
		{A0097B54-E7F5-4A00-AF60-603F907B8165}.Release|Any CPU.ActiveCfg = Release|Any CPU
		{A0097B54-E7F5-4A00-AF60-603F907B8165}.Release|Any CPU.Build.0 = Release|Any CPU
		{A0097B54-E7F5-4A00-AF60-603F907B8165}.Release|x86.ActiveCfg = Release|x86
		{A0097B54-E7F5-4A00-AF60-603F907B8165}.Release|x86.Build.0 = Release|x86
		{A0097B54-E7F5-4A00-AF60-603F907B8165}.Run|Any CPU.ActiveCfg = Release|Any CPU
		{A0097B54-E7F5-4A00-AF60-603F907B8165}.Run|x86.ActiveCfg = Release|Any CPU
		{7BC5A783-784A-4701-854B-BB2541CAEFCF}.Debug|Any CPU.ActiveCfg = Debug|Any CPU
		{7BC5A783-784A-4701-854B-BB2541CAEFCF}.Debug|Any CPU.Build.0 = Debug|Any CPU
		{7BC5A783-784A-4701-854B-BB2541CAEFCF}.Debug|x86.ActiveCfg = Debug|Any CPU
		{7BC5A783-784A-4701-854B-BB2541CAEFCF}.InternalRelease|Any CPU.ActiveCfg = Release|Any CPU
		{7BC5A783-784A-4701-854B-BB2541CAEFCF}.InternalRelease|Any CPU.Build.0 = Release|Any CPU
		{7BC5A783-784A-4701-854B-BB2541CAEFCF}.InternalRelease|x86.ActiveCfg = Release|Any CPU
		{7BC5A783-784A-4701-854B-BB2541CAEFCF}.Release|Any CPU.ActiveCfg = Release|Any CPU
		{7BC5A783-784A-4701-854B-BB2541CAEFCF}.Release|Any CPU.Build.0 = Release|Any CPU
		{7BC5A783-784A-4701-854B-BB2541CAEFCF}.Release|x86.ActiveCfg = Release|Any CPU
		{7BC5A783-784A-4701-854B-BB2541CAEFCF}.Run|Any CPU.ActiveCfg = Release|Any CPU
		{7BC5A783-784A-4701-854B-BB2541CAEFCF}.Run|Any CPU.Build.0 = Release|Any CPU
		{7BC5A783-784A-4701-854B-BB2541CAEFCF}.Run|x86.ActiveCfg = Release|Any CPU
	EndGlobalSection
	GlobalSection(SolutionProperties) = preSolution
		HideSolutionNode = FALSE
	EndGlobalSection
EndGlobal
